
Microsoft Visual Studio Solution File, Format Version 12.00
# Visual Studio Version 17
VisualStudioVersion = 17.5.002.0
MinimumVisualStudioVersion = 10.0.40219.1
Project("{9A19103F-16F7-4668-BE54-9A1E7A4F7556}") = "C#", "C#.csproj", "{FFFA38C0-274E-41E0-88C3-E9E9DF7AEC05}"
EndProject
Global
	GlobalSection(SolutionConfigurationPlatforms) = preSolution
		Debug|Any CPU = Debug|Any CPU
		Release|Any CPU = Release|Any CPU
	EndGlobalSection
	GlobalSection(ProjectConfigurationPlatforms) = postSolution
		{FFFA38C0-274E-41E0-88C3-E9E9DF7AEC05}.Debug|Any CPU.ActiveCfg = Debug|Any CPU
		{FFFA38C0-274E-41E0-88C3-E9E9DF7AEC05}.Debug|Any CPU.Build.0 = Debug|Any CPU
		{FFFA38C0-274E-41E0-88C3-E9E9DF7AEC05}.Release|Any CPU.ActiveCfg = Release|Any CPU
		{FFFA38C0-274E-41E0-88C3-E9E9DF7AEC05}.Release|Any CPU.Build.0 = Release|Any CPU
	EndGlobalSection
	GlobalSection(SolutionProperties) = preSolution
		HideSolutionNode = FALSE
	EndGlobalSection
	GlobalSection(ExtensibilityGlobals) = postSolution
		SolutionGuid = {CFCE9A25-F874-4BA1-8D83-DD9172BA8066}
	EndGlobalSection
EndGlobal
